# This file was autogenerated by Stack.
# You should not edit this file by hand.
# For more information, please see the documentation at:
#   https://docs.haskellstack.org/en/stable/topics/lock_files

packages:
- completed:
    hackage: Euterpea-2.0.7@sha256:81d583a47d483bf83ac07df7b764138f1aa52a56db4e7c7f685d070dbac4b388,2661
    pantry-tree:
      sha256: a1347f151792305d59844270d6e4e9ec0958873a9bf17430aee57c8940d6f902
      size: 1603
  original:
    hackage: Euterpea-2.0.7@sha256:81d583a47d483bf83ac07df7b764138f1aa52a56db4e7c7f685d070dbac4b388,2661
- completed:
    hackage: PortMidi-0.2.0.0@sha256:0671e36ec72e95138bf396234b205864a8a6d0ee353e09e01cbfd57004c56f40,2383
    pantry-tree:
      sha256: c9936666afc390560319024c25ecb184e2518ae4d3be5ae14081231091c1f073
      size: 1818
  original:
    hackage: PortMidi-0.2.0.0@sha256:0671e36ec72e95138bf396234b205864a8a6d0ee353e09e01cbfd57004c56f40,2383
snapshots:
- completed:
    sha256: 238fa745b64f91184f9aa518fe04bdde6552533d169b0da5256670df83a0f1a9
    size: 721141
    url: https://raw.githubusercontent.com/commercialhaskell/stackage-snapshots/master/lts/22/44.yaml
  original: lts-22.44
